
Microsoft Visual Studio Solution File, Format Version 12.00
# Visual Studio 15
VisualStudioVersion = 15.0.26730.16
MinimumVisualStudioVersion = 10.0.40219.1
Project("{FAE04EC0-301F-11D3-BF4B-00C04F79EFBC}") = "PUBGAddon", "PUBGAddon\PUBGAddon.csproj", "{819BA692-7B24-4442-B56E-D2EEB181E850}"
EndProject
Project("{54435603-DBB4-11D2-8724-00A0C9A8B90C}") = "PUBGAddOnSetup", "PUBGAddOnSetup\PUBGAddOnSetup.vdproj", "{70FA9F07-48B3-40CB-B7A7-207CDC45A0F7}"
EndProject
Global
	GlobalSection(SolutionConfigurationPlatforms) = preSolution
		Debug|Any CPU = Debug|Any CPU
		Debug|x64 = Debug|x64
		Debug|x86 = Debug|x86
		Release|Any CPU = Release|Any CPU
		Release|x64 = Release|x64
		Release|x86 = Release|x86
	EndGlobalSection
	GlobalSection(ProjectConfigurationPlatforms) = postSolution
		{819BA692-7B24-4442-B56E-D2EEB181E850}.Debug|Any CPU.ActiveCfg = Debug|Any CPU
		{819BA692-7B24-4442-B56E-D2EEB181E850}.Debug|Any CPU.Build.0 = Debug|Any CPU
		{819BA692-7B24-4442-B56E-D2EEB181E850}.Debug|x64.ActiveCfg = Debug|x64
		{819BA692-7B24-4442-B56E-D2EEB181E850}.Debug|x64.Build.0 = Debug|x64
		{819BA692-7B24-4442-B56E-D2EEB181E850}.Debug|x86.ActiveCfg = Debug|x86
		{819BA692-7B24-4442-B56E-D2EEB181E850}.Debug|x86.Build.0 = Debug|x86
		{819BA692-7B24-4442-B56E-D2EEB181E850}.Release|Any CPU.ActiveCfg = Release|Any CPU
		{819BA692-7B24-4442-B56E-D2EEB181E850}.Release|Any CPU.Build.0 = Release|Any CPU
		{819BA692-7B24-4442-B56E-D2EEB181E850}.Release|x64.ActiveCfg = Release|x64
		{819BA692-7B24-4442-B56E-D2EEB181E850}.Release|x64.Build.0 = Release|x64
		{819BA692-7B24-4442-B56E-D2EEB181E850}.Release|x86.ActiveCfg = Release|x86
		{819BA692-7B24-4442-B56E-D2EEB181E850}.Release|x86.Build.0 = Release|x86
		{70FA9F07-48B3-40CB-B7A7-207CDC45A0F7}.Debug|Any CPU.ActiveCfg = Debug
		{70FA9F07-48B3-40CB-B7A7-207CDC45A0F7}.Debug|x64.ActiveCfg = Debug
		{70FA9F07-48B3-40CB-B7A7-207CDC45A0F7}.Debug|x86.ActiveCfg = Debug
		{70FA9F07-48B3-40CB-B7A7-207CDC45A0F7}.Release|Any CPU.ActiveCfg = Release
		{70FA9F07-48B3-40CB-B7A7-207CDC45A0F7}.Release|x64.ActiveCfg = Release
		{70FA9F07-48B3-40CB-B7A7-207CDC45A0F7}.Release|x86.ActiveCfg = Release
	EndGlobalSection
	GlobalSection(SolutionProperties) = preSolution
		HideSolutionNode = FALSE
	EndGlobalSection
	GlobalSection(ExtensibilityGlobals) = postSolution
		SolutionGuid = {C4CD0AB2-8526-4E93-9A79-ECA49A6FEC53}
	EndGlobalSection
EndGlobal
